<?xml version="1.0" encoding="utf-8"?>
<Project ToolsVersion="4.0" xmlns="http://schemas.microsoft.com/developer/msbuild/2003">
  <ItemGroup>
    <Filter Include="KamataEngine">
      <UniqueIdentifier>{4FC737F1-C7A5-4376-A066-2A32D752A2FF}</UniqueIdentifier>
      <Extensions>cpp;c;cc;cxx;c++;cppm;ixx;def;odl;idl;hpj;bat;asm;asmx</Extensions>
    </Filter>
    <Filter Include="KamataEngine\Source">
      <UniqueIdentifier>{d966e9f8-e880-44ae-8586-a08515e4cffc}</UniqueIdentifier>
    </Filter>
    <Filter Include="KamataEngine\Include">
      <UniqueIdentifier>{4aae4e40-94f7-4d32-9a91-c0c37a2edf0d}</UniqueIdentifier>
    </Filter>
    <Filter Include="KamataEngine\Adapter">
      <UniqueIdentifier>{c6468eb4-788b-4a83-b207-a5f4804e56c5}</UniqueIdentifier>
    </Filter>
    <Filter Include="Scene">
      <UniqueIdentifier>{ec52cd91-5b16-462e-8c7a-c992754aaba1}</UniqueIdentifier>
    </Filter>
    <Filter Include="Scene\Title">
      <UniqueIdentifier>{23418caa-69a1-46ac-98e3-bde1f21ebe17}</UniqueIdentifier>
    </Filter>
    <Filter Include="Charactor">
      <UniqueIdentifier>{2ac19c22-6264-4708-ba85-bd10279da4b6}</UniqueIdentifier>
    </Filter>
    <Filter Include="Manager">
      <UniqueIdentifier>{ff123401-347d-47cf-9cac-321b8bc36e5e}</UniqueIdentifier>
    </Filter>
    <Filter Include="State_Machine">
      <UniqueIdentifier>{3fb92b11-ca2e-4e68-86a7-00380e1c2f84}</UniqueIdentifier>
    </Filter>
    <Filter Include="Bullet">
      <UniqueIdentifier>{ed4a29be-b5fb-45fb-a642-af46a7e4ae09}</UniqueIdentifier>
    </Filter>
    <Filter Include="BackParticle">
      <UniqueIdentifier>{e9412073-ea03-4877-813a-a3ebdafc8aac}</UniqueIdentifier>
    </Filter>
    <Filter Include="UI">
      <UniqueIdentifier>{919f7098-b432-41cd-9c54-6d72b0b62b99}</UniqueIdentifier>
    </Filter>
    <Filter Include="Tool">
      <UniqueIdentifier>{607b4b4e-16b9-4206-86da-f37e52186821}</UniqueIdentifier>
    </Filter>
    <Filter Include="Scene\Clear">
      <UniqueIdentifier>{4b7d7626-6342-4e07-939c-27e190da9313}</UniqueIdentifier>
    </Filter>
    <Filter Include="SE">
      <UniqueIdentifier>{376a08dc-61a1-49a0-8ab8-dbee281cbfe4}</UniqueIdentifier>
    </Filter>
  </ItemGroup>
  <ItemGroup>
    <ClCompile Include="C:\KamataEngine\DirectXGame\base\DirectXCommon.cpp">
      <Filter>KamataEngine\Source</Filter>
    </ClCompile>
    <ClCompile Include="C:\KamataEngine\DirectXGame\base\TextureManager.cpp">
      <Filter>KamataEngine\Source</Filter>
    </ClCompile>
    <ClCompile Include="C:\KamataEngine\DirectXGame\scene\GameScene.cpp">
      <Filter>KamataEngine\Source</Filter>
    </ClCompile>
    <ClCompile Include="C:\KamataEngine\DirectXGame\base\WinApp.cpp">
      <Filter>KamataEngine\Source</Filter>
    </ClCompile>
    <ClCompile Include="main.cpp" />
    <ClCompile Include="C:\KamataEngine\Adapter\Novice.cpp">
      <Filter>KamataEngine\Adapter</Filter>
    </ClCompile>
    <ClCompile Include="C:\KamataEngine\DirectXGame\2d\ImGuiManager.cpp">
      <Filter>KamataEngine</Filter>
    </ClCompile>
    <ClCompile Include="C:\KamataEngine\DirectXGame\base\StringUtility.cpp">
      <Filter>KamataEngine\Source</Filter>
    </ClCompile>
    <ClCompile Include="stageScene.cpp">
      <Filter>Scene</Filter>
    </ClCompile>
    <ClCompile Include="SceneManager.cpp">
      <Filter>Manager</Filter>
    </ClCompile>
    <ClCompile Include="ResouresManager.cpp">
      <Filter>Manager</Filter>
    </ClCompile>
    <ClCompile Include="StateMachine.cpp">
      <Filter>State_Machine</Filter>
    </ClCompile>
    <ClCompile Include="Charactor.cpp">
      <Filter>Charactor</Filter>
    </ClCompile>
    <ClCompile Include="BossA.cpp">
      <Filter>Charactor</Filter>
    </ClCompile>
    <ClCompile Include="Player.cpp">
      <Filter>Charactor</Filter>
    </ClCompile>
    <ClCompile Include="BossAStateNode.cpp">
      <Filter>State_Machine</Filter>
    </ClCompile>
    <ClCompile Include="Bullet.cpp">
      <Filter>Bullet</Filter>
    </ClCompile>
    <ClCompile Include="TitleParticle.cpp">
      <Filter>Scene\Title</Filter>
    </ClCompile>
    <ClCompile Include="titleScene.cpp">
      <Filter>Scene\Title</Filter>
    </ClCompile>
    <ClCompile Include="TitleParticleManager.cpp">
      <Filter>Scene\Title</Filter>
    </ClCompile>
    <ClCompile Include="TitlePlayer.cpp">
      <Filter>Scene\Title</Filter>
    </ClCompile>
    <ClCompile Include="TitleLine.cpp">
      <Filter>Scene\Title</Filter>
    </ClCompile>
    <ClCompile Include="TitlePlayerParticle.cpp">
      <Filter>Scene\Title</Filter>
    </ClCompile>
    <ClCompile Include="TitlePlayerParticleManager.cpp">
      <Filter>Scene\Title</Filter>
    </ClCompile>
    <ClCompile Include="Beam.cpp">
      <Filter>Bullet</Filter>
    </ClCompile>
    <ClCompile Include="DeviationShotBullet.cpp">
      <Filter>Bullet</Filter>
    </ClCompile>
    <ClCompile Include="BackParticle.cpp">
      <Filter>BackParticle</Filter>
    </ClCompile>
    <ClCompile Include="BackParticleManager.cpp">
      <Filter>BackParticle</Filter>
    </ClCompile>
    <ClCompile Include="DeviationShotBullet.cpp">
      <Filter>Bullet</Filter>
    </ClCompile>
    <ClCompile Include="DeviationShotBullet.cpp">
      <Filter>KamataEngine</Filter>
    </ClCompile>
    <ClCompile Include="PlayerParticles.cpp">
      <Filter>Charactor</Filter>
    </ClCompile>
    <ClCompile Include="PlayerBullet.cpp">
      <Filter>Charactor</Filter>
    </ClCompile>
    <ClCompile Include="PlayerLane.cpp">
      <Filter>Charactor</Filter>
    </ClCompile>
    <ClCompile Include="Bar.cpp">
      <Filter>UI</Filter>
    </ClCompile>
    <ClCompile Include="PlayerBu.cpp">
      <Filter>Bullet</Filter>
    </ClCompile>
    <ClCompile Include="titleName.cpp">
      <Filter>KamataEngine</Filter>
    </ClCompile>
    <ClCompile Include="ClearScene.cpp">
      <Filter>Scene\Clear</Filter>
    </ClCompile>
    <ClCompile Include="FireFlower.cpp">
      <Filter>Scene\Clear</Filter>
    </ClCompile>
    <ClCompile Include="FireFlowerManager.cpp">
      <Filter>Scene\Clear</Filter>
    </ClCompile>
    <ClCompile Include="SE.cpp">
      <Filter>SE</Filter>
    </ClCompile>
  </ItemGroup>
  <ItemGroup>
    <ClInclude Include="C:\KamataEngine\DirectXGame\audio\Audio.h">
      <Filter>KamataEngine\Include</Filter>
    </ClInclude>
    <ClInclude Include="C:\KamataEngine\DirectXGame\2d\DebugText.h">
      <Filter>KamataEngine\Include</Filter>
    </ClInclude>
    <ClInclude Include="C:\KamataEngine\DirectXGame\base\DirectXCommon.h">
      <Filter>KamataEngine\Include</Filter>
    </ClInclude>
    <ClInclude Include="C:\KamataEngine\DirectXGame\scene\GameScene.h">
      <Filter>KamataEngine\Include</Filter>
    </ClInclude>
    <ClInclude Include="C:\KamataEngine\DirectXGame\input\Input.h">
      <Filter>KamataEngine\Include</Filter>
    </ClInclude>
    <ClInclude Include="C:\KamataEngine\DirectXGame\3d\Model.h">
      <Filter>KamataEngine\Include</Filter>
    </ClInclude>
    <ClInclude Include="C:\KamataEngine\DirectXGame\base\SafeDelete.h">
      <Filter>KamataEngine\Include</Filter>
    </ClInclude>
    <ClInclude Include="C:\KamataEngine\DirectXGame\2d\Sprite.h">
      <Filter>KamataEngine\Include</Filter>
    </ClInclude>
    <ClInclude Include="C:\KamataEngine\DirectXGame\base\TextureManager.h">
      <Filter>KamataEngine\Include</Filter>
    </ClInclude>
    <ClInclude Include="C:\KamataEngine\DirectXGame\3d\ViewProjection.h">
      <Filter>KamataEngine\Include</Filter>
    </ClInclude>
    <ClInclude Include="C:\KamataEngine\DirectXGame\base\WinApp.h">
      <Filter>KamataEngine\Include</Filter>
    </ClInclude>
    <ClInclude Include="C:\KamataEngine\DirectXGame\3d\WorldTransform.h">
      <Filter>KamataEngine\Include</Filter>
    </ClInclude>
    <ClInclude Include="C:\KamataEngine\Adapter\Novice.h">
      <Filter>KamataEngine\Adapter</Filter>
    </ClInclude>
    <ClInclude Include="C:\KamataEngine\DirectXGame\3d\CircleShadow.h">
      <Filter>KamataEngine\Include</Filter>
    </ClInclude>
    <ClInclude Include="C:\KamataEngine\DirectXGame\3d\DebugCamera.h">
      <Filter>KamataEngine\Include</Filter>
    </ClInclude>
    <ClInclude Include="C:\KamataEngine\DirectXGame\3d\DirectionalLight.h">
      <Filter>KamataEngine\Include</Filter>
    </ClInclude>
    <ClInclude Include="C:\KamataEngine\DirectXGame\3d\LightGroup.h">
      <Filter>KamataEngine\Include</Filter>
    </ClInclude>
    <ClInclude Include="C:\KamataEngine\DirectXGame\3d\Material.h">
      <Filter>KamataEngine\Include</Filter>
    </ClInclude>
    <ClInclude Include="C:\KamataEngine\DirectXGame\3d\Mesh.h">
      <Filter>KamataEngine\Include</Filter>
    </ClInclude>
    <ClInclude Include="C:\KamataEngine\DirectXGame\3d\PointLight.h">
      <Filter>KamataEngine\Include</Filter>
    </ClInclude>
    <ClInclude Include="C:\KamataEngine\DirectXGame\3d\SpotLight.h">
      <Filter>KamataEngine\Include</Filter>
    </ClInclude>
    <ClInclude Include="C:\KamataEngine\DirectXGame\math\Matrix4x4.h" />
    <ClInclude Include="C:\KamataEngine\DirectXGame\math\Vector2.h" />
    <ClInclude Include="C:\KamataEngine\DirectXGame\math\Vector3.h" />
    <ClInclude Include="C:\KamataEngine\DirectXGame\math\Vector4.h" />
    <ClInclude Include="C:\KamataEngine\DirectXGame\2d\ImGuiManager.h" />
    <ClInclude Include="C:\KamataEngine\DirectXGame\base\StringUtility.h">
      <Filter>KamataEngine\Include</Filter>
    </ClInclude>
    <ClInclude Include="SceneManager.h">
      <Filter>Manager</Filter>
    </ClInclude>
    <ClInclude Include="scene.h">
      <Filter>Scene</Filter>
    </ClInclude>
    <ClInclude Include="ResouresManager.h">
      <Filter>Manager</Filter>
    </ClInclude>
    <ClInclude Include="stageScene.h">
      <Filter>Scene</Filter>
    </ClInclude>
    <ClInclude Include="TitleParticle.h">
      <Filter>Scene\Title</Filter>
    </ClInclude>
    <ClInclude Include="titleScene.h">
      <Filter>Scene\Title</Filter>
    </ClInclude>
    <ClInclude Include="TitleParticleManager.h">
      <Filter>Scene\Title</Filter>
    </ClInclude>
    <ClInclude Include="TitlePlayer.h">
      <Filter>Scene\Title</Filter>
    </ClInclude>
    <ClInclude Include="TitleLine.h">
      <Filter>Scene\Title</Filter>
    </ClInclude>
    <ClInclude Include="TitlePlayerParticle.h">
      <Filter>Scene\Title</Filter>
    </ClInclude>
    <ClInclude Include="TitlePlayerParticleManager.h">
      <Filter>Scene\Title</Filter>
    </ClInclude>
    <ClInclude Include="StateNode.h">
      <Filter>State_Machine</Filter>
    </ClInclude>
    <ClInclude Include="StateMachine.h">
      <Filter>State_Machine</Filter>
    </ClInclude>
    <ClInclude Include="Charactor.h">
      <Filter>Charactor</Filter>
    </ClInclude>
    <ClInclude Include="BossA.h">
      <Filter>Charactor</Filter>
    </ClInclude>
    <ClInclude Include="BossAStateNode.h">
      <Filter>State_Machine</Filter>
    </ClInclude>
    <ClInclude Include="Player.h">
      <Filter>Charactor</Filter>
    </ClInclude>
    <ClInclude Include="Bullet.h">
      <Filter>Bullet</Filter>
    </ClInclude>
    <ClInclude Include="Beam.h">
      <Filter>Bullet</Filter>
    </ClInclude>
    <ClInclude Include="PlayerParticles.h">
      <Filter>Charactor</Filter>
    </ClInclude>
    <ClInclude Include="PlayerBullet.h">
      <Filter>Charactor</Filter>
    </ClInclude>
    <ClInclude Include="PlayerLane.h">
      <Filter>Charactor</Filter>
    </ClInclude>
    <ClInclude Include="Camera.h" />
    <ClInclude Include="BackParticleManager.h">
      <Filter>BackParticle</Filter>
    </ClInclude>
    <ClInclude Include="BackParticle.h">
      <Filter>BackParticle</Filter>
    </ClInclude>
    <ClInclude Include="DeviationShotBullet.h">
      <Filter>Bullet</Filter>
    </ClInclude>
    <ClInclude Include="Bar.h">
      <Filter>UI</Filter>
    </ClInclude>
    <ClInclude Include="BackParticle.h">
      <Filter>BackParticle</Filter>
    </ClInclude>
    <ClInclude Include="BackParticleManager.h">
      <Filter>BackParticle</Filter>
    </ClInclude>
    <ClInclude Include="Camera.h">
      <Filter>Tool</Filter>
    </ClInclude>
    <ClInclude Include="DeviationShotBullet.h">
      <Filter>Bullet</Filter>
    </ClInclude>
    <ClInclude Include="Easing.h">
      <Filter>Tool</Filter>
    </ClInclude>
    <ClInclude Include="PlayerBu.h">
      <Filter>Bullet</Filter>
    </ClInclude>
    <ClInclude Include="read_csv.h">
      <Filter>Tool</Filter>
    </ClInclude>
    <ClInclude Include="timer.h">
      <Filter>Tool</Filter>
    </ClInclude>
    <ClInclude Include="MyVector2.h">
      <Filter>Tool</Filter>
    </ClInclude>
    <ClInclude Include="titleName.h" />
    <ClInclude Include="ClearScene.h">
      <Filter>Scene\Clear</Filter>
    </ClInclude>
    <ClInclude Include="FireFlower.h">
      <Filter>Scene\Clear</Filter>
    </ClInclude>
    <ClInclude Include="FireFlowerManager.h">
      <Filter>Scene\Clear</Filter>
    </ClInclude>
    <ClInclude Include="Blend.h" />
    <ClInclude Include="stageSelectScene.h" />
    <ClInclude Include="SE.h">
      <Filter>SE</Filter>
    </ClInclude>
  </ItemGroup>
</Project>